
Microsoft Visual Studio Solution File, Format Version 12.00
# Visual Studio 2012
Project("{FAE04EC0-301F-11D3-BF4B-00C04F79EFBC}") = "SimpleWorkflowFramework.NET", "SimpleWorkflowFramework.NET\SimpleWorkflowFramework.NET.csproj", "{920321B0-314A-41EE-81F5-0DA7ECCB436C}"
EndProject
Project("{FAE04EC0-301F-11D3-BF4B-00C04F79EFBC}") = "Application", "Application\Application.csproj", "{94A11372-F9EE-4133-9386-D0762C7EA272}"
EndProject
Project("{2150E333-8FDC-42A3-9474-1A3956D46DE8}") = "Solution Items", "Solution Items", "{B026FAF4-9CAD-4746-990A-52D944495594}"
	ProjectSection(SolutionItems) = preProject
		README.md = README.md
	EndProjectSection
EndProject
Global
	GlobalSection(SolutionConfigurationPlatforms) = preSolution
		Debug|Any CPU = Debug|Any CPU
		Release|Any CPU = Release|Any CPU
	EndGlobalSection
	GlobalSection(ProjectConfigurationPlatforms) = postSolution
		{920321B0-314A-41EE-81F5-0DA7ECCB436C}.Debug|Any CPU.ActiveCfg = Debug|Any CPU
		{920321B0-314A-41EE-81F5-0DA7ECCB436C}.Debug|Any CPU.Build.0 = Debug|Any CPU
		{920321B0-314A-41EE-81F5-0DA7ECCB436C}.Release|Any CPU.ActiveCfg = Release|Any CPU
		{920321B0-314A-41EE-81F5-0DA7ECCB436C}.Release|Any CPU.Build.0 = Release|Any CPU
		{94A11372-F9EE-4133-9386-D0762C7EA272}.Debug|Any CPU.ActiveCfg = Debug|Any CPU
		{94A11372-F9EE-4133-9386-D0762C7EA272}.Debug|Any CPU.Build.0 = Debug|Any CPU
		{94A11372-F9EE-4133-9386-D0762C7EA272}.Release|Any CPU.ActiveCfg = Release|Any CPU
		{94A11372-F9EE-4133-9386-D0762C7EA272}.Release|Any CPU.Build.0 = Release|Any CPU
	EndGlobalSection
	GlobalSection(NestedProjects) = preSolution
	EndGlobalSection
	GlobalSection(MonoDevelopProperties) = preSolution
		Policies = $0
		$0.DotNetNamingPolicy = $1
		$1.DirectoryNamespaceAssociation = PrefixedHierarchical
		$1.ResourceNamePolicy = FileName
	EndGlobalSection
	GlobalSection(SolutionProperties) = preSolution
		HideSolutionNode = FALSE
	EndGlobalSection
EndGlobal
